
Microsoft Visual Studio Solution File, Format Version 12.00
# Visual Studio Version 17
VisualStudioVersion = 17.14.36221.1
MinimumVisualStudioVersion = 10.0.40219.1
Project("{FAE04EC0-301F-11D3-BF4B-00C04F79EFBC}") = "HackerspaceLogic", "HackerspaceLogic\HackerspaceLogic.csproj", "{2E34A4D9-4AEF-8660-1B3B-6975396B98CD}"
EndProject
Project("{FAE04EC0-301F-11D3-BF4B-00C04F79EFBC}") = "HackerspaceCLI", "HackerspaceCLI\HackerspaceCLI.csproj", "{65607647-D6BD-93F1-B9E4-04125AAA4C72}"
EndProject
Project("{FAE04EC0-301F-11D3-BF4B-00C04F79EFBC}") = "HackerspaceApp", "HackerspaceApp\HackerspaceApp.csproj", "{DAD7C9EE-8DA5-2EE8-77DB-3CC070663E34}"
EndProject
Project("{FAE04EC0-301F-11D3-BF4B-00C04F79EFBC}") = "HackerspaceTests", "HackerspaceTests\HackerspaceTests.csproj", "{76B1A92C-6B1C-401A-A994-62E1C09501EF}"
EndProject
Global
	GlobalSection(SolutionConfigurationPlatforms) = preSolution
		Debug|Any CPU = Debug|Any CPU
		Release|Any CPU = Release|Any CPU
	EndGlobalSection
	GlobalSection(ProjectConfigurationPlatforms) = postSolution
		{2E34A4D9-4AEF-8660-1B3B-6975396B98CD}.Debug|Any CPU.ActiveCfg = Debug|Any CPU
		{2E34A4D9-4AEF-8660-1B3B-6975396B98CD}.Debug|Any CPU.Build.0 = Debug|Any CPU
		{2E34A4D9-4AEF-8660-1B3B-6975396B98CD}.Release|Any CPU.ActiveCfg = Release|Any CPU
		{2E34A4D9-4AEF-8660-1B3B-6975396B98CD}.Release|Any CPU.Build.0 = Release|Any CPU
		{65607647-D6BD-93F1-B9E4-04125AAA4C72}.Debug|Any CPU.ActiveCfg = Debug|Any CPU
		{65607647-D6BD-93F1-B9E4-04125AAA4C72}.Debug|Any CPU.Build.0 = Debug|Any CPU
		{65607647-D6BD-93F1-B9E4-04125AAA4C72}.Release|Any CPU.ActiveCfg = Release|Any CPU
		{65607647-D6BD-93F1-B9E4-04125AAA4C72}.Release|Any CPU.Build.0 = Release|Any CPU
		{DAD7C9EE-8DA5-2EE8-77DB-3CC070663E34}.Debug|Any CPU.ActiveCfg = Debug|Any CPU
		{DAD7C9EE-8DA5-2EE8-77DB-3CC070663E34}.Debug|Any CPU.Build.0 = Debug|Any CPU
		{DAD7C9EE-8DA5-2EE8-77DB-3CC070663E34}.Release|Any CPU.ActiveCfg = Release|Any CPU
		{DAD7C9EE-8DA5-2EE8-77DB-3CC070663E34}.Release|Any CPU.Build.0 = Release|Any CPU
		{76B1A92C-6B1C-401A-A994-62E1C09501EF}.Debug|Any CPU.ActiveCfg = Debug|Any CPU
		{76B1A92C-6B1C-401A-A994-62E1C09501EF}.Debug|Any CPU.Build.0 = Debug|Any CPU
		{76B1A92C-6B1C-401A-A994-62E1C09501EF}.Release|Any CPU.ActiveCfg = Release|Any CPU
		{76B1A92C-6B1C-401A-A994-62E1C09501EF}.Release|Any CPU.Build.0 = Release|Any CPU
	EndGlobalSection
	GlobalSection(SolutionProperties) = preSolution
		HideSolutionNode = FALSE
	EndGlobalSection
	GlobalSection(ExtensibilityGlobals) = postSolution
		SolutionGuid = {70D3B535-D9A3-4716-97F9-7CD4AD0D7A01}
	EndGlobalSection
EndGlobal
