
Microsoft Visual Studio Solution File, Format Version 12.00
# Visual Studio Version 17
VisualStudioVersion = 17.14.36221.1 d17.14
MinimumVisualStudioVersion = 10.0.40219.1
Project("{FAE04EC0-301F-11D3-BF4B-00C04F79EFBC}") = "TestAppMaui", "TestAppMaui.csproj", "{FFEC0F27-A056-410C-9B6F-9CE1257125AD}"
EndProject
Global
	GlobalSection(SolutionConfigurationPlatforms) = preSolution
		Debug|Any CPU = Debug|Any CPU
		Release|Any CPU = Release|Any CPU
	EndGlobalSection
	GlobalSection(ProjectConfigurationPlatforms) = postSolution
		{FFEC0F27-A056-410C-9B6F-9CE1257125AD}.Debug|Any CPU.ActiveCfg = Debug|Any CPU
		{FFEC0F27-A056-410C-9B6F-9CE1257125AD}.Debug|Any CPU.Build.0 = Debug|Any CPU
		{FFEC0F27-A056-410C-9B6F-9CE1257125AD}.Release|Any CPU.ActiveCfg = Release|Any CPU
		{FFEC0F27-A056-410C-9B6F-9CE1257125AD}.Release|Any CPU.Build.0 = Release|Any CPU
	EndGlobalSection
	GlobalSection(SolutionProperties) = preSolution
		HideSolutionNode = FALSE
	EndGlobalSection
	GlobalSection(ExtensibilityGlobals) = postSolution
		SolutionGuid = {BFCDDDD2-969D-4437-9528-D503C34316C5}
	EndGlobalSection
EndGlobal
