
Microsoft Visual Studio Solution File, Format Version 12.00
# Visual Studio Version 17
VisualStudioVersion = 17.14.36221.1 d17.14
MinimumVisualStudioVersion = 10.0.40219.1
Project("{FAE04EC0-301F-11D3-BF4B-00C04F79EFBC}") = "ChaosMap_V4", "ChaosMap_V4.csproj", "{43C13B47-FBEF-4094-8329-7FCC3EC7D13A}"
EndProject
Global
	GlobalSection(SolutionConfigurationPlatforms) = preSolution
		Debug|Any CPU = Debug|Any CPU
		Release|Any CPU = Release|Any CPU
	EndGlobalSection
	GlobalSection(ProjectConfigurationPlatforms) = postSolution
		{43C13B47-FBEF-4094-8329-7FCC3EC7D13A}.Debug|Any CPU.ActiveCfg = Debug|Any CPU
		{43C13B47-FBEF-4094-8329-7FCC3EC7D13A}.Debug|Any CPU.Build.0 = Debug|Any CPU
		{43C13B47-FBEF-4094-8329-7FCC3EC7D13A}.Release|Any CPU.ActiveCfg = Release|Any CPU
		{43C13B47-FBEF-4094-8329-7FCC3EC7D13A}.Release|Any CPU.Build.0 = Release|Any CPU
	EndGlobalSection
	GlobalSection(SolutionProperties) = preSolution
		HideSolutionNode = FALSE
	EndGlobalSection
	GlobalSection(ExtensibilityGlobals) = postSolution
		SolutionGuid = {14050B14-F16C-4685-8A22-44DB9BCD7641}
	EndGlobalSection
EndGlobal
